{
  "name": "swarm-forum",
  "version": "1.0.0",
  "lockfileVersion": 3,
  "requires": true,
  "packages": {
    "": {
      "name": "swarm-forum",
      "version": "1.0.0",
      "license": "MIT",
      "bin": {
        "swarm-forum": "bin/swarm-forum.js"
      },
      "devDependencies": {},
      "engines": {
        "node": ">=22.5.0"
      }
    }
  }
}
